[[package]]
name = "dic"
version = "0.1.4"
source = "registry+https://github.com/rust-lang/crates.io-index"

[[package]]
name = "jojo"
version = "0.1.4"
dependencies = [
 "dic 0.1.4 (registry+https://github.com/rust-lang/crates.io-index)",
]

[metadata]
"checksum dic 0.1.4 (registry+https://github.com/rust-lang/crates.io-index)" = "9ee019c3feeba421337361c759c03999f8f3e731fb915b0a0c51bb6a81a35e37"
