[[package]]
name = "dic"
version = "0.1.2"
source = "registry+https://github.com/rust-lang/crates.io-index"

[[package]]
name = "jojo"
version = "0.1.1"
dependencies = [
 "dic 0.1.2 (registry+https://github.com/rust-lang/crates.io-index)",
]

[metadata]
"checksum dic 0.1.2 (registry+https://github.com/rust-lang/crates.io-index)" = "be69da496f0dd0cf49aef57ef104ce2fd5fc82e985ec6f1287ba94357609888a"
